
Microsoft Visual Studio Solution File, Format Version 12.00
# Visual Studio Version 17
VisualStudioVersion = 17.5.33424.131
MinimumVisualStudioVersion = 10.0.40219.1
Project("{FAE04EC0-301F-11D3-BF4B-00C04F79EFBC}") = "wcl_employee_admin", "wcl_employee_admin\wcl_employee_admin.csproj", "{72DB82B0-FA83-443A-AFBC-AA1AB4CFF275}"
EndProject
Global
	GlobalSection(SolutionConfigurationPlatforms) = preSolution
		Debug|Any CPU = Debug|Any CPU
		Release|Any CPU = Release|Any CPU
	EndGlobalSection
	GlobalSection(ProjectConfigurationPlatforms) = postSolution
		{72DB82B0-FA83-443A-AFBC-AA1AB4CFF275}.Debug|Any CPU.ActiveCfg = Debug|Any CPU
		{72DB82B0-FA83-443A-AFBC-AA1AB4CFF275}.Debug|Any CPU.Build.0 = Debug|Any CPU
		{72DB82B0-FA83-443A-AFBC-AA1AB4CFF275}.Release|Any CPU.ActiveCfg = Release|Any CPU
		{72DB82B0-FA83-443A-AFBC-AA1AB4CFF275}.Release|Any CPU.Build.0 = Release|Any CPU
	EndGlobalSection
	GlobalSection(SolutionProperties) = preSolution
		HideSolutionNode = FALSE
	EndGlobalSection
	GlobalSection(ExtensibilityGlobals) = postSolution
		SolutionGuid = {9D7D8CDD-9042-4D74-8A52-F9F7F3D618D8}
	EndGlobalSection
EndGlobal
